
Microsoft Visual Studio Solution File, Format Version 12.00
# Visual Studio Version 16
VisualStudioVersion = 16.0.33328.57
MinimumVisualStudioVersion = 10.0.40219.1
Project("{FAE04EC0-301F-11D3-BF4B-00C04F79EFBC}") = "AspNetCore_WebAPI", "AspNetCore_WebAPI.csproj", "{87129A9C-DC0B-4FF3-A9AF-A70343682398}"
EndProject
Project("{FAE04EC0-301F-11D3-BF4B-00C04F79EFBC}") = "AspNetCore_WebAPI.Models", "..\AspNetCore_WebAPI.Models\AspNetCore_WebAPI.Models.csproj", "{C01F0174-A622-4CE2-9067-E390DEDFA168}"
EndProject
Global
	GlobalSection(SolutionConfigurationPlatforms) = preSolution
		Debug|Any CPU = Debug|Any CPU
		Release|Any CPU = Release|Any CPU
	EndGlobalSection
	GlobalSection(ProjectConfigurationPlatforms) = postSolution
		{87129A9C-DC0B-4FF3-A9AF-A70343682398}.Debug|Any CPU.ActiveCfg = Debug|Any CPU
		{87129A9C-DC0B-4FF3-A9AF-A70343682398}.Debug|Any CPU.Build.0 = Debug|Any CPU
		{87129A9C-DC0B-4FF3-A9AF-A70343682398}.Release|Any CPU.ActiveCfg = Release|Any CPU
		{87129A9C-DC0B-4FF3-A9AF-A70343682398}.Release|Any CPU.Build.0 = Release|Any CPU
		{C01F0174-A622-4CE2-9067-E390DEDFA168}.Debug|Any CPU.ActiveCfg = Debug|Any CPU
		{C01F0174-A622-4CE2-9067-E390DEDFA168}.Debug|Any CPU.Build.0 = Debug|Any CPU
		{C01F0174-A622-4CE2-9067-E390DEDFA168}.Release|Any CPU.ActiveCfg = Release|Any CPU
		{C01F0174-A622-4CE2-9067-E390DEDFA168}.Release|Any CPU.Build.0 = Release|Any CPU
	EndGlobalSection
	GlobalSection(SolutionProperties) = preSolution
		HideSolutionNode = FALSE
	EndGlobalSection
	GlobalSection(ExtensibilityGlobals) = postSolution
		SolutionGuid = {6B5C2E00-1E7E-4982-BF36-5003E14C0FDC}
	EndGlobalSection
EndGlobal
